
Microsoft Visual Studio Solution File, Format Version 12.00
# Visual Studio Version 17
VisualStudioVersion = 17.14.36511.14
MinimumVisualStudioVersion = 10.0.40219.1
Project("{FAE04EC0-301F-11D3-BF4B-00C04F79EFBC}") = "simply database test", "simply database test\simply database test.csproj", "{6ADA4677-D688-488B-B8BF-94DE1A66A8C7}"
EndProject
Project("{FAE04EC0-301F-11D3-BF4B-00C04F79EFBC}") = "CompanyWebpages", "CompanyWebpages\CompanyWebpages.csproj", "{D6A14EA0-3CAC-48A5-8E25-10996D460E3D}"
EndProject
Project("{FAE04EC0-301F-11D3-BF4B-00C04F79EFBC}") = "gategourmetLibary", "gategourmetLibary\gategourmetLibary.csproj", "{B10328C0-1451-4BCD-7495-42D3B72B9C13}"
EndProject
Project("{FAE04EC0-301F-11D3-BF4B-00C04F79EFBC}") = "GateGroupWebpages", "GateGroupWebpages\GateGroupWebpages.csproj", "{BCE40592-45B5-ECDF-B3B1-DA91B2127893}"
EndProject
Project("{FAE04EC0-301F-11D3-BF4B-00C04F79EFBC}") = "GateGourmetLibaryTest", "GateGourmetLibaryTest\GateGourmetLibaryTest.csproj", "{CBC7591C-2DA6-43BD-8D32-F1C5ABBD69D0}"
EndProject
Global
	GlobalSection(SolutionConfigurationPlatforms) = preSolution
		Debug|Any CPU = Debug|Any CPU
		Release|Any CPU = Release|Any CPU
	EndGlobalSection
	GlobalSection(ProjectConfigurationPlatforms) = postSolution
		{6ADA4677-D688-488B-B8BF-94DE1A66A8C7}.Debug|Any CPU.ActiveCfg = Debug|Any CPU
		{6ADA4677-D688-488B-B8BF-94DE1A66A8C7}.Debug|Any CPU.Build.0 = Debug|Any CPU
		{6ADA4677-D688-488B-B8BF-94DE1A66A8C7}.Release|Any CPU.ActiveCfg = Release|Any CPU
		{6ADA4677-D688-488B-B8BF-94DE1A66A8C7}.Release|Any CPU.Build.0 = Release|Any CPU
		{D6A14EA0-3CAC-48A5-8E25-10996D460E3D}.Debug|Any CPU.ActiveCfg = Debug|Any CPU
		{D6A14EA0-3CAC-48A5-8E25-10996D460E3D}.Debug|Any CPU.Build.0 = Debug|Any CPU
		{D6A14EA0-3CAC-48A5-8E25-10996D460E3D}.Release|Any CPU.ActiveCfg = Release|Any CPU
		{D6A14EA0-3CAC-48A5-8E25-10996D460E3D}.Release|Any CPU.Build.0 = Release|Any CPU
		{B10328C0-1451-4BCD-7495-42D3B72B9C13}.Debug|Any CPU.ActiveCfg = Debug|Any CPU
		{B10328C0-1451-4BCD-7495-42D3B72B9C13}.Debug|Any CPU.Build.0 = Debug|Any CPU
		{B10328C0-1451-4BCD-7495-42D3B72B9C13}.Release|Any CPU.ActiveCfg = Release|Any CPU
		{B10328C0-1451-4BCD-7495-42D3B72B9C13}.Release|Any CPU.Build.0 = Release|Any CPU
		{BCE40592-45B5-ECDF-B3B1-DA91B2127893}.Debug|Any CPU.ActiveCfg = Debug|Any CPU
		{BCE40592-45B5-ECDF-B3B1-DA91B2127893}.Debug|Any CPU.Build.0 = Debug|Any CPU
		{BCE40592-45B5-ECDF-B3B1-DA91B2127893}.Release|Any CPU.ActiveCfg = Release|Any CPU
		{BCE40592-45B5-ECDF-B3B1-DA91B2127893}.Release|Any CPU.Build.0 = Release|Any CPU
		{CBC7591C-2DA6-43BD-8D32-F1C5ABBD69D0}.Debug|Any CPU.ActiveCfg = Debug|Any CPU
		{CBC7591C-2DA6-43BD-8D32-F1C5ABBD69D0}.Debug|Any CPU.Build.0 = Debug|Any CPU
		{CBC7591C-2DA6-43BD-8D32-F1C5ABBD69D0}.Release|Any CPU.ActiveCfg = Release|Any CPU
		{CBC7591C-2DA6-43BD-8D32-F1C5ABBD69D0}.Release|Any CPU.Build.0 = Release|Any CPU
	EndGlobalSection
	GlobalSection(SolutionProperties) = preSolution
		HideSolutionNode = FALSE
	EndGlobalSection
	GlobalSection(ExtensibilityGlobals) = postSolution
		SolutionGuid = {898CF49C-0DDB-4A4E-A629-FF34BF4AF650}
	EndGlobalSection
EndGlobal
